<?xml version="1.0" encoding="utf-8"?>
<Project ToolsVersion="4.0" xmlns="http://schemas.microsoft.com/developer/msbuild/2003">
  <ItemGroup>
    <Filter Include="jiffle">
      <UniqueIdentifier>{0c36b809-0892-433a-8805-40c41ef44eef}</UniqueIdentifier>
    </Filter>
  </ItemGroup>
  <ItemGroup>
    <ClCompile Include="src\main.cpp" />
    <ClCompile Include="src\jiffle\tokenize.cpp">
      <Filter>jiffle</Filter>
    </ClCompile>
    <ClCompile Include="src\jiffle\tokenize_test.cpp">
      <Filter>jiffle</Filter>
    </ClCompile>
    <ClCompile Include="src\jiffle\structurize.cpp" />
    <ClCompile Include="src\jiffle\structurize_test.cpp" />
    <ClCompile Include="src\jiffle\generate_test.cpp" />
    <ClCompile Include="src\jiffle\generate.cpp" />
    <ClCompile Include="src\jiffle\evaluate.cpp" />
    <ClCompile Include="src\jiffle\evaluate_test.cpp" />
  </ItemGroup>
  <ItemGroup>
    <ClInclude Include="src\ansicolor.h" />
    <ClInclude Include="src\jiffle\jiffle.h">
      <Filter>jiffle</Filter>
    </ClInclude>
  </ItemGroup>
</Project>