<?xml version="1.0" encoding="utf-8"?>
<Project ToolsVersion="4.0" xmlns="http://schemas.microsoft.com/developer/msbuild/2003">
  <ItemGroup>
    <Filter Include="jiffle">
      <UniqueIdentifier>{0c36b809-0892-433a-8805-40c41ef44eef}</UniqueIdentifier>
    </Filter>
  </ItemGroup>
  <ItemGroup>
    <ClCompile Include="src\main.cpp" />
    <ClCompile Include="src\jiffle\syntax.tokenize.cpp">
      <Filter>jiffle</Filter>
    </ClCompile>
    <ClCompile Include="src\jiffle\syntax.tokenize_test.cpp">
      <Filter>jiffle</Filter>
    </ClCompile>
    <ClCompile Include="src\jiffle\expr.parse.cpp">
      <Filter>jiffle</Filter>
    </ClCompile>
    <ClCompile Include="src\jiffle\expr.parse_test.cpp">
      <Filter>jiffle</Filter>
    </ClCompile>
    <ClCompile Include="src\jiffle\vm.generate.cpp">
      <Filter>jiffle</Filter>
    </ClCompile>
    <ClCompile Include="src\jiffle\vm.generate_test.cpp">
      <Filter>jiffle</Filter>
    </ClCompile>
  </ItemGroup>
  <ItemGroup>
    <ClInclude Include="src\ansicolor.h" />
    <ClInclude Include="src\jiffle\syntax.h">
      <Filter>jiffle</Filter>
    </ClInclude>
    <ClInclude Include="src\jiffle\expr.h">
      <Filter>jiffle</Filter>
    </ClInclude>
    <ClInclude Include="src\jiffle\vm.h">
      <Filter>jiffle</Filter>
    </ClInclude>
    <ClInclude Include="src\jiffle\data.h">
      <Filter>jiffle</Filter>
    </ClInclude>
  </ItemGroup>
</Project>